
Microsoft Visual Studio Solution File, Format Version 12.00
# Visual Studio Version 17
VisualStudioVersion = 17.11.35327.3
MinimumVisualStudioVersion = 10.0.40219.1
Project("{FAE04EC0-301F-11D3-BF4B-00C04F79EFBC}") = "RoatOfRussiaWebApp", "RoatOfRussiaWebApp\RoatOfRussiaWebApp.csproj", "{FF95299E-63D5-49C0-AC6A-4E748224D2A5}"
EndProject
Global
	GlobalSection(SolutionConfigurationPlatforms) = preSolution
		Debug|Any CPU = Debug|Any CPU
		Release|Any CPU = Release|Any CPU
	EndGlobalSection
	GlobalSection(ProjectConfigurationPlatforms) = postSolution
		{FF95299E-63D5-49C0-AC6A-4E748224D2A5}.Debug|Any CPU.ActiveCfg = Debug|Any CPU
		{FF95299E-63D5-49C0-AC6A-4E748224D2A5}.Debug|Any CPU.Build.0 = Debug|Any CPU
		{FF95299E-63D5-49C0-AC6A-4E748224D2A5}.Release|Any CPU.ActiveCfg = Release|Any CPU
		{FF95299E-63D5-49C0-AC6A-4E748224D2A5}.Release|Any CPU.Build.0 = Release|Any CPU
	EndGlobalSection
	GlobalSection(SolutionProperties) = preSolution
		HideSolutionNode = FALSE
	EndGlobalSection
	GlobalSection(ExtensibilityGlobals) = postSolution
		SolutionGuid = {C56EC783-1BFE-4882-BFA9-00FD08B767B6}
	EndGlobalSection
EndGlobal
